uuid: 96a94c3f-55eb-49d6-b7bc-020c975f62b8
langcode: en
status: true
dependencies:
  module:
    - system
active_version: 247a23298360adb2
versioned_properties:
  active:
    settings:
      default_settings:
        id: system_branding_block
        label: 'Site branding'
        label_display: '0'
        provider: system
        use_site_logo: true
        use_site_name: true
        use_site_slogan: true
    fallback_metadata:
      slot_definitions: null
label: 'Site branding'
id: block.system_branding_block
provider: system
source: block
source_local_id: system_branding_block
category: System
